
Microsoft Visual Studio Solution File, Format Version 12.00
# Visual Studio Version 17
VisualStudioVersion = 17.14.36616.10
MinimumVisualStudioVersion = 10.0.40219.1
Project("{FAE04EC0-301F-11D3-BF4B-00C04F79EFBC}") = "A1.6 COMPOSICIÓ ITERATIVA", "A1.6 COMPOSICIÓ ITERATIVA\A1.6 COMPOSICIÓ ITERATIVA.csproj", "{CE531B3B-123D-4A07-B943-6CD8337C4229}"
EndProject
Project("{FAE04EC0-301F-11D3-BF4B-00C04F79EFBC}") = "Exercici 01", "Exercici 01\Exercici 01.csproj", "{956613F7-3B63-4BFC-B5AB-46E359F9145F}"
EndProject
Project("{FAE04EC0-301F-11D3-BF4B-00C04F79EFBC}") = "Exercici 02", "Exercici 02\Exercici 02.csproj", "{29CDECCB-8D40-4432-B267-2D5F7C50966F}"
EndProject
Project("{FAE04EC0-301F-11D3-BF4B-00C04F79EFBC}") = "Exercici 14", "Exercici 14\Exercici 14.csproj", "{715A9CE7-3E5B-437D-9FC6-B3FEC8EFBC79}"
EndProject
Project("{FAE04EC0-301F-11D3-BF4B-00C04F79EFBC}") = "Exercici 03", "Exercici 03\Exercici 03.csproj", "{E28B3D4C-5E8A-4351-81CE-CD0743B8CC63}"
EndProject
Project("{FAE04EC0-301F-11D3-BF4B-00C04F79EFBC}") = "Exercici 04", "Exercici 04\Exercici 04.csproj", "{1B36ED30-9C19-4724-826A-25476BDF33C2}"
EndProject
Project("{FAE04EC0-301F-11D3-BF4B-00C04F79EFBC}") = "Exercici 05", "Exercici 05\Exercici 05.csproj", "{BB21ECF2-CD3C-495D-A0CA-BB40B6A1784F}"
EndProject
Project("{FAE04EC0-301F-11D3-BF4B-00C04F79EFBC}") = "Exercici 06", "Exercici 06\Exercici 06.csproj", "{B55EFECD-469F-4793-821D-359B202BE6F6}"
EndProject
Project("{FAE04EC0-301F-11D3-BF4B-00C04F79EFBC}") = "Exercici 07", "Exercici 07\Exercici 07.csproj", "{48E2807D-88FC-4861-95A6-114E9A94F259}"
EndProject
Project("{FAE04EC0-301F-11D3-BF4B-00C04F79EFBC}") = "Exercici 18", "Exercici 18\Exercici 18.csproj", "{A78E5427-C5AE-4995-AC7B-1F318B90CF38}"
EndProject
Project("{FAE04EC0-301F-11D3-BF4B-00C04F79EFBC}") = "Exercici 08", "Exercici 08\Exercici 08.csproj", "{BB0B39AA-900F-4B8F-AD81-14226F3D1491}"
EndProject
Project("{FAE04EC0-301F-11D3-BF4B-00C04F79EFBC}") = "Exercici 09", "Exercici 09\Exercici 09.csproj", "{0DB14D95-ECCF-4FEE-A2C8-6FB51CE64D90}"
EndProject
Project("{FAE04EC0-301F-11D3-BF4B-00C04F79EFBC}") = "Exercici 10", "Exercici 10\Exercici 10.csproj", "{F702043A-F90F-4EED-9786-51BEA09D85A3}"
EndProject
Project("{FAE04EC0-301F-11D3-BF4B-00C04F79EFBC}") = "Exercici 11", "Exercici 11\Exercici 11.csproj", "{B1723901-710F-48BB-ADCA-A3E539234F21}"
EndProject
Project("{FAE04EC0-301F-11D3-BF4B-00C04F79EFBC}") = "Exercici 12", "Exercici 12\Exercici 12.csproj", "{401FFD27-4CA9-46BF-9570-EC6E120B258D}"
EndProject
Project("{FAE04EC0-301F-11D3-BF4B-00C04F79EFBC}") = "Exercici 13", "Exercici 13\Exercici 13.csproj", "{249AE77D-5FC4-4F9C-9D85-3FD056701F77}"
EndProject
Project("{FAE04EC0-301F-11D3-BF4B-00C04F79EFBC}") = "Exercici 15", "Exercici 15\Exercici 15.csproj", "{AD5E80D1-40EB-46A7-A39C-F69EA1C82B82}"
EndProject
Project("{FAE04EC0-301F-11D3-BF4B-00C04F79EFBC}") = "Exercici 16", "Exercici 16\Exercici 16.csproj", "{D6A2E1DD-2984-43C2-8A14-A63C0005A760}"
EndProject
Project("{FAE04EC0-301F-11D3-BF4B-00C04F79EFBC}") = "Exercici 17", "Exercici 17\Exercici 17.csproj", "{DD2E2AAE-1A65-43A3-8392-BF03E7133EA7}"
EndProject
Project("{FAE04EC0-301F-11D3-BF4B-00C04F79EFBC}") = "Exercici 19", "Exercici 19\Exercici 19.csproj", "{94641800-C04A-49AC-9B71-63CA125064D9}"
EndProject
Global
	GlobalSection(SolutionConfigurationPlatforms) = preSolution
		Debug|Any CPU = Debug|Any CPU
		Release|Any CPU = Release|Any CPU
	EndGlobalSection
	GlobalSection(ProjectConfigurationPlatforms) = postSolution
		{CE531B3B-123D-4A07-B943-6CD8337C4229}.Debug|Any CPU.ActiveCfg = Debug|Any CPU
		{CE531B3B-123D-4A07-B943-6CD8337C4229}.Debug|Any CPU.Build.0 = Debug|Any CPU
		{CE531B3B-123D-4A07-B943-6CD8337C4229}.Release|Any CPU.ActiveCfg = Release|Any CPU
		{CE531B3B-123D-4A07-B943-6CD8337C4229}.Release|Any CPU.Build.0 = Release|Any CPU
		{956613F7-3B63-4BFC-B5AB-46E359F9145F}.Debug|Any CPU.ActiveCfg = Debug|Any CPU
		{956613F7-3B63-4BFC-B5AB-46E359F9145F}.Debug|Any CPU.Build.0 = Debug|Any CPU
		{956613F7-3B63-4BFC-B5AB-46E359F9145F}.Release|Any CPU.ActiveCfg = Release|Any CPU
		{956613F7-3B63-4BFC-B5AB-46E359F9145F}.Release|Any CPU.Build.0 = Release|Any CPU
		{29CDECCB-8D40-4432-B267-2D5F7C50966F}.Debug|Any CPU.ActiveCfg = Debug|Any CPU
		{29CDECCB-8D40-4432-B267-2D5F7C50966F}.Debug|Any CPU.Build.0 = Debug|Any CPU
		{29CDECCB-8D40-4432-B267-2D5F7C50966F}.Release|Any CPU.ActiveCfg = Release|Any CPU
		{29CDECCB-8D40-4432-B267-2D5F7C50966F}.Release|Any CPU.Build.0 = Release|Any CPU
		{715A9CE7-3E5B-437D-9FC6-B3FEC8EFBC79}.Debug|Any CPU.ActiveCfg = Debug|Any CPU
		{715A9CE7-3E5B-437D-9FC6-B3FEC8EFBC79}.Debug|Any CPU.Build.0 = Debug|Any CPU
		{715A9CE7-3E5B-437D-9FC6-B3FEC8EFBC79}.Release|Any CPU.ActiveCfg = Release|Any CPU
		{715A9CE7-3E5B-437D-9FC6-B3FEC8EFBC79}.Release|Any CPU.Build.0 = Release|Any CPU
		{E28B3D4C-5E8A-4351-81CE-CD0743B8CC63}.Debug|Any CPU.ActiveCfg = Debug|Any CPU
		{E28B3D4C-5E8A-4351-81CE-CD0743B8CC63}.Debug|Any CPU.Build.0 = Debug|Any CPU
		{E28B3D4C-5E8A-4351-81CE-CD0743B8CC63}.Release|Any CPU.ActiveCfg = Release|Any CPU
		{E28B3D4C-5E8A-4351-81CE-CD0743B8CC63}.Release|Any CPU.Build.0 = Release|Any CPU
		{1B36ED30-9C19-4724-826A-25476BDF33C2}.Debug|Any CPU.ActiveCfg = Debug|Any CPU
		{1B36ED30-9C19-4724-826A-25476BDF33C2}.Debug|Any CPU.Build.0 = Debug|Any CPU
		{1B36ED30-9C19-4724-826A-25476BDF33C2}.Release|Any CPU.ActiveCfg = Release|Any CPU
		{1B36ED30-9C19-4724-826A-25476BDF33C2}.Release|Any CPU.Build.0 = Release|Any CPU
		{BB21ECF2-CD3C-495D-A0CA-BB40B6A1784F}.Debug|Any CPU.ActiveCfg = Debug|Any CPU
		{BB21ECF2-CD3C-495D-A0CA-BB40B6A1784F}.Debug|Any CPU.Build.0 = Debug|Any CPU
		{BB21ECF2-CD3C-495D-A0CA-BB40B6A1784F}.Release|Any CPU.ActiveCfg = Release|Any CPU
		{BB21ECF2-CD3C-495D-A0CA-BB40B6A1784F}.Release|Any CPU.Build.0 = Release|Any CPU
		{B55EFECD-469F-4793-821D-359B202BE6F6}.Debug|Any CPU.ActiveCfg = Debug|Any CPU
		{B55EFECD-469F-4793-821D-359B202BE6F6}.Debug|Any CPU.Build.0 = Debug|Any CPU
		{B55EFECD-469F-4793-821D-359B202BE6F6}.Release|Any CPU.ActiveCfg = Release|Any CPU
		{B55EFECD-469F-4793-821D-359B202BE6F6}.Release|Any CPU.Build.0 = Release|Any CPU
		{48E2807D-88FC-4861-95A6-114E9A94F259}.Debug|Any CPU.ActiveCfg = Debug|Any CPU
		{48E2807D-88FC-4861-95A6-114E9A94F259}.Debug|Any CPU.Build.0 = Debug|Any CPU
		{48E2807D-88FC-4861-95A6-114E9A94F259}.Release|Any CPU.ActiveCfg = Release|Any CPU
		{48E2807D-88FC-4861-95A6-114E9A94F259}.Release|Any CPU.Build.0 = Release|Any CPU
		{A78E5427-C5AE-4995-AC7B-1F318B90CF38}.Debug|Any CPU.ActiveCfg = Debug|Any CPU
		{A78E5427-C5AE-4995-AC7B-1F318B90CF38}.Debug|Any CPU.Build.0 = Debug|Any CPU
		{A78E5427-C5AE-4995-AC7B-1F318B90CF38}.Release|Any CPU.ActiveCfg = Release|Any CPU
		{A78E5427-C5AE-4995-AC7B-1F318B90CF38}.Release|Any CPU.Build.0 = Release|Any CPU
		{BB0B39AA-900F-4B8F-AD81-14226F3D1491}.Debug|Any CPU.ActiveCfg = Debug|Any CPU
		{BB0B39AA-900F-4B8F-AD81-14226F3D1491}.Debug|Any CPU.Build.0 = Debug|Any CPU
		{BB0B39AA-900F-4B8F-AD81-14226F3D1491}.Release|Any CPU.ActiveCfg = Release|Any CPU
		{BB0B39AA-900F-4B8F-AD81-14226F3D1491}.Release|Any CPU.Build.0 = Release|Any CPU
		{0DB14D95-ECCF-4FEE-A2C8-6FB51CE64D90}.Debug|Any CPU.ActiveCfg = Debug|Any CPU
		{0DB14D95-ECCF-4FEE-A2C8-6FB51CE64D90}.Debug|Any CPU.Build.0 = Debug|Any CPU
		{0DB14D95-ECCF-4FEE-A2C8-6FB51CE64D90}.Release|Any CPU.ActiveCfg = Release|Any CPU
		{0DB14D95-ECCF-4FEE-A2C8-6FB51CE64D90}.Release|Any CPU.Build.0 = Release|Any CPU
		{F702043A-F90F-4EED-9786-51BEA09D85A3}.Debug|Any CPU.ActiveCfg = Debug|Any CPU
		{F702043A-F90F-4EED-9786-51BEA09D85A3}.Debug|Any CPU.Build.0 = Debug|Any CPU
		{F702043A-F90F-4EED-9786-51BEA09D85A3}.Release|Any CPU.ActiveCfg = Release|Any CPU
		{F702043A-F90F-4EED-9786-51BEA09D85A3}.Release|Any CPU.Build.0 = Release|Any CPU
		{B1723901-710F-48BB-ADCA-A3E539234F21}.Debug|Any CPU.ActiveCfg = Debug|Any CPU
		{B1723901-710F-48BB-ADCA-A3E539234F21}.Debug|Any CPU.Build.0 = Debug|Any CPU
		{B1723901-710F-48BB-ADCA-A3E539234F21}.Release|Any CPU.ActiveCfg = Release|Any CPU
		{B1723901-710F-48BB-ADCA-A3E539234F21}.Release|Any CPU.Build.0 = Release|Any CPU
		{401FFD27-4CA9-46BF-9570-EC6E120B258D}.Debug|Any CPU.ActiveCfg = Debug|Any CPU
		{401FFD27-4CA9-46BF-9570-EC6E120B258D}.Debug|Any CPU.Build.0 = Debug|Any CPU
		{401FFD27-4CA9-46BF-9570-EC6E120B258D}.Release|Any CPU.ActiveCfg = Release|Any CPU
		{401FFD27-4CA9-46BF-9570-EC6E120B258D}.Release|Any CPU.Build.0 = Release|Any CPU
		{249AE77D-5FC4-4F9C-9D85-3FD056701F77}.Debug|Any CPU.ActiveCfg = Debug|Any CPU
		{249AE77D-5FC4-4F9C-9D85-3FD056701F77}.Debug|Any CPU.Build.0 = Debug|Any CPU
		{249AE77D-5FC4-4F9C-9D85-3FD056701F77}.Release|Any CPU.ActiveCfg = Release|Any CPU
		{249AE77D-5FC4-4F9C-9D85-3FD056701F77}.Release|Any CPU.Build.0 = Release|Any CPU
		{AD5E80D1-40EB-46A7-A39C-F69EA1C82B82}.Debug|Any CPU.ActiveCfg = Debug|Any CPU
		{AD5E80D1-40EB-46A7-A39C-F69EA1C82B82}.Debug|Any CPU.Build.0 = Debug|Any CPU
		{AD5E80D1-40EB-46A7-A39C-F69EA1C82B82}.Release|Any CPU.ActiveCfg = Release|Any CPU
		{AD5E80D1-40EB-46A7-A39C-F69EA1C82B82}.Release|Any CPU.Build.0 = Release|Any CPU
		{D6A2E1DD-2984-43C2-8A14-A63C0005A760}.Debug|Any CPU.ActiveCfg = Debug|Any CPU
		{D6A2E1DD-2984-43C2-8A14-A63C0005A760}.Debug|Any CPU.Build.0 = Debug|Any CPU
		{D6A2E1DD-2984-43C2-8A14-A63C0005A760}.Release|Any CPU.ActiveCfg = Release|Any CPU
		{D6A2E1DD-2984-43C2-8A14-A63C0005A760}.Release|Any CPU.Build.0 = Release|Any CPU
		{DD2E2AAE-1A65-43A3-8392-BF03E7133EA7}.Debug|Any CPU.ActiveCfg = Debug|Any CPU
		{DD2E2AAE-1A65-43A3-8392-BF03E7133EA7}.Debug|Any CPU.Build.0 = Debug|Any CPU
		{DD2E2AAE-1A65-43A3-8392-BF03E7133EA7}.Release|Any CPU.ActiveCfg = Release|Any CPU
		{DD2E2AAE-1A65-43A3-8392-BF03E7133EA7}.Release|Any CPU.Build.0 = Release|Any CPU
		{94641800-C04A-49AC-9B71-63CA125064D9}.Debug|Any CPU.ActiveCfg = Debug|Any CPU
		{94641800-C04A-49AC-9B71-63CA125064D9}.Debug|Any CPU.Build.0 = Debug|Any CPU
		{94641800-C04A-49AC-9B71-63CA125064D9}.Release|Any CPU.ActiveCfg = Release|Any CPU
		{94641800-C04A-49AC-9B71-63CA125064D9}.Release|Any CPU.Build.0 = Release|Any CPU
	EndGlobalSection
	GlobalSection(SolutionProperties) = preSolution
		HideSolutionNode = FALSE
	EndGlobalSection
	GlobalSection(ExtensibilityGlobals) = postSolution
		SolutionGuid = {12344007-2AB5-4E48-AC98-C9C3D8DD497F}
	EndGlobalSection
EndGlobal
