
Microsoft Visual Studio Solution File, Format Version 12.00
# Visual Studio Version 17
VisualStudioVersion = 17.14.36429.23 d17.14
MinimumVisualStudioVersion = 10.0.40219.1
Project("{FAE04EC0-301F-11D3-BF4B-00C04F79EFBC}") = "Proves", "Proves\Proves.csproj", "{06CC984B-D8E5-4A7D-A5B4-254E7E77C25B}"
EndProject
Global
	GlobalSection(SolutionConfigurationPlatforms) = preSolution
		Debug|Any CPU = Debug|Any CPU
		Release|Any CPU = Release|Any CPU
	EndGlobalSection
	GlobalSection(ProjectConfigurationPlatforms) = postSolution
		{06CC984B-D8E5-4A7D-A5B4-254E7E77C25B}.Debug|Any CPU.ActiveCfg = Debug|Any CPU
		{06CC984B-D8E5-4A7D-A5B4-254E7E77C25B}.Debug|Any CPU.Build.0 = Debug|Any CPU
		{06CC984B-D8E5-4A7D-A5B4-254E7E77C25B}.Release|Any CPU.ActiveCfg = Release|Any CPU
		{06CC984B-D8E5-4A7D-A5B4-254E7E77C25B}.Release|Any CPU.Build.0 = Release|Any CPU
	EndGlobalSection
	GlobalSection(SolutionProperties) = preSolution
		HideSolutionNode = FALSE
	EndGlobalSection
	GlobalSection(ExtensibilityGlobals) = postSolution
		SolutionGuid = {46A8EB8A-2356-4502-B8D1-119E64F32DB0}
	EndGlobalSection
EndGlobal
