
Microsoft Visual Studio Solution File, Format Version 12.00
# Visual Studio Version 17
VisualStudioVersion = 17.14.36429.23 d17.14
MinimumVisualStudioVersion = 10.0.40219.1
Project("{FAE04EC0-301F-11D3-BF4B-00C04F79EFBC}") = "HelloWorld", "HelloWorld\HelloWorld.csproj", "{F4373DFD-1A46-4915-9E16-3AA9AFA521C9}"
EndProject
Project("{FAE04EC0-301F-11D3-BF4B-00C04F79EFBC}") = "Caramels", "Caramels\Caramels.csproj", "{5CAD30EA-C397-4A8E-A4C6-E78135EE60CA}"
EndProject
Project("{FAE04EC0-301F-11D3-BF4B-00C04F79EFBC}") = "VolumEsfera", "VolumEsfera\VolumEsfera.csproj", "{02DFA103-A15C-4D58-9434-17002086F5EB}"
EndProject
Global
	GlobalSection(SolutionConfigurationPlatforms) = preSolution
		Debug|Any CPU = Debug|Any CPU
		Release|Any CPU = Release|Any CPU
	EndGlobalSection
	GlobalSection(ProjectConfigurationPlatforms) = postSolution
		{F4373DFD-1A46-4915-9E16-3AA9AFA521C9}.Debug|Any CPU.ActiveCfg = Debug|Any CPU
		{F4373DFD-1A46-4915-9E16-3AA9AFA521C9}.Debug|Any CPU.Build.0 = Debug|Any CPU
		{F4373DFD-1A46-4915-9E16-3AA9AFA521C9}.Release|Any CPU.ActiveCfg = Release|Any CPU
		{F4373DFD-1A46-4915-9E16-3AA9AFA521C9}.Release|Any CPU.Build.0 = Release|Any CPU
		{5CAD30EA-C397-4A8E-A4C6-E78135EE60CA}.Debug|Any CPU.ActiveCfg = Debug|Any CPU
		{5CAD30EA-C397-4A8E-A4C6-E78135EE60CA}.Debug|Any CPU.Build.0 = Debug|Any CPU
		{5CAD30EA-C397-4A8E-A4C6-E78135EE60CA}.Release|Any CPU.ActiveCfg = Release|Any CPU
		{5CAD30EA-C397-4A8E-A4C6-E78135EE60CA}.Release|Any CPU.Build.0 = Release|Any CPU
		{02DFA103-A15C-4D58-9434-17002086F5EB}.Debug|Any CPU.ActiveCfg = Debug|Any CPU
		{02DFA103-A15C-4D58-9434-17002086F5EB}.Debug|Any CPU.Build.0 = Debug|Any CPU
		{02DFA103-A15C-4D58-9434-17002086F5EB}.Release|Any CPU.ActiveCfg = Release|Any CPU
		{02DFA103-A15C-4D58-9434-17002086F5EB}.Release|Any CPU.Build.0 = Release|Any CPU
	EndGlobalSection
	GlobalSection(SolutionProperties) = preSolution
		HideSolutionNode = FALSE
	EndGlobalSection
	GlobalSection(ExtensibilityGlobals) = postSolution
		SolutionGuid = {2609A070-F184-4FEC-ADEE-01BEEA416A81}
	EndGlobalSection
EndGlobal
