
Microsoft Visual Studio Solution File, Format Version 12.00
# Visual Studio Version 17
VisualStudioVersion = 17.14.36616.10 d17.14
MinimumVisualStudioVersion = 10.0.40219.1
Project("{FAE04EC0-301F-11D3-BF4B-00C04F79EFBC}") = "Prova lliga joel", "Prova lliga joel\Prova lliga joel.csproj", "{1772419C-B193-4D97-9699-F1D4221B9C13}"
EndProject
Project("{FAE04EC0-301F-11D3-BF4B-00C04F79EFBC}") = "Demo 01", "Demo 01\Demo 01.csproj", "{52A9D069-A545-47EE-A3CC-57B302DEE31F}"
EndProject
Project("{FAE04EC0-301F-11D3-BF4B-00C04F79EFBC}") = "Demo 02", "Demo 02\Demo 02.csproj", "{8CC685DA-7044-48A8-B0B3-634C4D164013}"
EndProject
Project("{FAE04EC0-301F-11D3-BF4B-00C04F79EFBC}") = "Demo 03", "Demo 03\Demo 03.csproj", "{6CEF20C4-3636-4724-9AD2-3B194C126432}"
EndProject
Global
	GlobalSection(SolutionConfigurationPlatforms) = preSolution
		Debug|Any CPU = Debug|Any CPU
		Release|Any CPU = Release|Any CPU
	EndGlobalSection
	GlobalSection(ProjectConfigurationPlatforms) = postSolution
		{1772419C-B193-4D97-9699-F1D4221B9C13}.Debug|Any CPU.ActiveCfg = Debug|Any CPU
		{1772419C-B193-4D97-9699-F1D4221B9C13}.Debug|Any CPU.Build.0 = Debug|Any CPU
		{1772419C-B193-4D97-9699-F1D4221B9C13}.Release|Any CPU.ActiveCfg = Release|Any CPU
		{1772419C-B193-4D97-9699-F1D4221B9C13}.Release|Any CPU.Build.0 = Release|Any CPU
		{52A9D069-A545-47EE-A3CC-57B302DEE31F}.Debug|Any CPU.ActiveCfg = Debug|Any CPU
		{52A9D069-A545-47EE-A3CC-57B302DEE31F}.Debug|Any CPU.Build.0 = Debug|Any CPU
		{52A9D069-A545-47EE-A3CC-57B302DEE31F}.Release|Any CPU.ActiveCfg = Release|Any CPU
		{52A9D069-A545-47EE-A3CC-57B302DEE31F}.Release|Any CPU.Build.0 = Release|Any CPU
		{8CC685DA-7044-48A8-B0B3-634C4D164013}.Debug|Any CPU.ActiveCfg = Debug|Any CPU
		{8CC685DA-7044-48A8-B0B3-634C4D164013}.Debug|Any CPU.Build.0 = Debug|Any CPU
		{8CC685DA-7044-48A8-B0B3-634C4D164013}.Release|Any CPU.ActiveCfg = Release|Any CPU
		{8CC685DA-7044-48A8-B0B3-634C4D164013}.Release|Any CPU.Build.0 = Release|Any CPU
		{6CEF20C4-3636-4724-9AD2-3B194C126432}.Debug|Any CPU.ActiveCfg = Debug|Any CPU
		{6CEF20C4-3636-4724-9AD2-3B194C126432}.Debug|Any CPU.Build.0 = Debug|Any CPU
		{6CEF20C4-3636-4724-9AD2-3B194C126432}.Release|Any CPU.ActiveCfg = Release|Any CPU
		{6CEF20C4-3636-4724-9AD2-3B194C126432}.Release|Any CPU.Build.0 = Release|Any CPU
	EndGlobalSection
	GlobalSection(SolutionProperties) = preSolution
		HideSolutionNode = FALSE
	EndGlobalSection
	GlobalSection(ExtensibilityGlobals) = postSolution
		SolutionGuid = {29BF9A81-F3DA-4309-B4FA-8548209675F0}
	EndGlobalSection
EndGlobal
